// !$*UTF8*$!
{
	archiveVersion = 1;
	classes = {
	};
	objectVersion = 46;
	objects = {

/* Begin PBXBuildFile section */
		E6E9F480479BF6122FE6B8E4 /* Pods_Parsetagram.framework in Frameworks */ = {isa = PBXBuildFile; fileRef = 89D4C02568092A14CCE9A32B /* Pods_Parsetagram.framework */; };
		E73BE44C1D19D6A50061FAC9 /* UserViewController.swift in Sources */ = {isa = PBXBuildFile; fileRef = E73BE44B1D19D6A50061FAC9 /* UserViewController.swift */; };
		E73BE44E1D19D6B80061FAC9 /* PostViewController.swift in Sources */ = {isa = PBXBuildFile; fileRef = E73BE44D1D19D6B80061FAC9 /* PostViewController.swift */; };
		E73BE4521D19DA620061FAC9 /* UserPostCell.swift in Sources */ = {isa = PBXBuildFile; fileRef = E73BE4511D19DA620061FAC9 /* UserPostCell.swift */; };
		E758E81C1D18921F006F3AB6 /* AppDelegate.swift in Sources */ = {isa = PBXBuildFile; fileRef = E758E81B1D18921F006F3AB6 /* AppDelegate.swift */; };
		E758E8211D18921F006F3AB6 /* Main.storyboard in Resources */ = {isa = PBXBuildFile; fileRef = E758E81F1D18921F006F3AB6 /* Main.storyboard */; };
		E758E8231D18921F006F3AB6 /* Assets.xcassets in Resources */ = {isa = PBXBuildFile; fileRef = E758E8221D18921F006F3AB6 /* Assets.xcassets */; };
		E758E8261D18921F006F3AB6 /* LaunchScreen.storyboard in Resources */ = {isa = PBXBuildFile; fileRef = E758E8241D18921F006F3AB6 /* LaunchScreen.storyboard */; };
		E758E82E1D1895AC006F3AB6 /* LoginViewController.swift in Sources */ = {isa = PBXBuildFile; fileRef = E758E82D1D1895AC006F3AB6 /* LoginViewController.swift */; };
		E758E8301D189F64006F3AB6 /* FeedViewController.swift in Sources */ = {isa = PBXBuildFile; fileRef = E758E82F1D189F64006F3AB6 /* FeedViewController.swift */; };
		E758E8321D18A21D006F3AB6 /* Post.swift in Sources */ = {isa = PBXBuildFile; fileRef = E758E8311D18A21D006F3AB6 /* Post.swift */; };
		E758E8361D18B9FD006F3AB6 /* PostCell.swift in Sources */ = {isa = PBXBuildFile; fileRef = E758E8351D18B9FD006F3AB6 /* PostCell.swift */; };
		E76777381D19E86D00753131 /* InfiniteScrollActivityView.swift in Sources */ = {isa = PBXBuildFile; fileRef = E76777371D19E86D00753131 /* InfiniteScrollActivityView.swift */; };
		E7D774981D19F9DC000E5C71 /* PostHeader.swift in Sources */ = {isa = PBXBuildFile; fileRef = E7D774971D19F9DC000E5C71 /* PostHeader.swift */; };
/* End PBXBuildFile section */

/* Begin PBXFileReference section */
		2F3FF5431C0C8AF29D7F44F4 /* Pods-Parsetagram.debug.xcconfig */ = {isa = PBXFileReference; includeInIndex = 1; lastKnownFileType = text.xcconfig; name = "Pods-Parsetagram.debug.xcconfig"; path = "Pods/Target Support Files/Pods-Parsetagram/Pods-Parsetagram.debug.xcconfig"; sourceTree = "<group>"; };
		89D4C02568092A14CCE9A32B /* Pods_Parsetagram.framework */ = {isa = PBXFileReference; explicitFileType = wrapper.framework; includeInIndex = 0; path = Pods_Parsetagram.framework; sourceTree = BUILT_PRODUCTS_DIR; };
		E195777F643ABA33010B15BB /* Pods-Parsetagram.release.xcconfig */ = {isa = PBXFileReference; includeInIndex = 1; lastKnownFileType = text.xcconfig; name = "Pods-Parsetagram.release.xcconfig"; path = "Pods/Target Support Files/Pods-Parsetagram/Pods-Parsetagram.release.xcconfig"; sourceTree = "<group>"; };
		E73BE44B1D19D6A50061FAC9 /* UserViewController.swift */ = {isa = PBXFileReference; fileEncoding = 4; lastKnownFileType = sourcecode.swift; path = UserViewController.swift; sourceTree = "<group>"; };
		E73BE44D1D19D6B80061FAC9 /* PostViewController.swift */ = {isa = PBXFileReference; fileEncoding = 4; lastKnownFileType = sourcecode.swift; path = PostViewController.swift; sourceTree = "<group>"; };
		E73BE4511D19DA620061FAC9 /* UserPostCell.swift */ = {isa = PBXFileReference; fileEncoding = 4; lastKnownFileType = sourcecode.swift; path = UserPostCell.swift; sourceTree = "<group>"; };
		E758E8181D18921F006F3AB6 /* Parsetagram.app */ = {isa = PBXFileReference; explicitFileType = wrapper.application; includeInIndex = 0; path = Parsetagram.app; sourceTree = BUILT_PRODUCTS_DIR; };
		E758E81B1D18921F006F3AB6 /* AppDelegate.swift */ = {isa = PBXFileReference; lastKnownFileType = sourcecode.swift; path = AppDelegate.swift; sourceTree = "<group>"; };
		E758E8201D18921F006F3AB6 /* Base */ = {isa = PBXFileReference; lastKnownFileType = file.storyboard; name = Base; path = Base.lproj/Main.storyboard; sourceTree = "<group>"; };
		E758E8221D18921F006F3AB6 /* Assets.xcassets */ = {isa = PBXFileReference; lastKnownFileType = folder.assetcatalog; path = Assets.xcassets; sourceTree = "<group>"; };
		E758E8251D18921F006F3AB6 /* Base */ = {isa = PBXFileReference; lastKnownFileType = file.storyboard; name = Base; path = Base.lproj/LaunchScreen.storyboard; sourceTree = "<group>"; };
		E758E8271D18921F006F3AB6 /* Info.plist */ = {isa = PBXFileReference; lastKnownFileType = text.plist.xml; path = Info.plist; sourceTree = "<group>"; };
		E758E82D1D1895AC006F3AB6 /* LoginViewController.swift */ = {isa = PBXFileReference; fileEncoding = 4; lastKnownFileType = sourcecode.swift; path = LoginViewController.swift; sourceTree = "<group>"; };
		E758E82F1D189F64006F3AB6 /* FeedViewController.swift */ = {isa = PBXFileReference; fileEncoding = 4; lastKnownFileType = sourcecode.swift; path = FeedViewController.swift; sourceTree = "<group>"; };
		E758E8311D18A21D006F3AB6 /* Post.swift */ = {isa = PBXFileReference; fileEncoding = 4; lastKnownFileType = sourcecode.swift; path = Post.swift; sourceTree = "<group>"; };
		E758E8351D18B9FD006F3AB6 /* PostCell.swift */ = {isa = PBXFileReference; fileEncoding = 4; lastKnownFileType = sourcecode.swift; path = PostCell.swift; sourceTree = "<group>"; };
		E76777371D19E86D00753131 /* InfiniteScrollActivityView.swift */ = {isa = PBXFileReference; fileEncoding = 4; lastKnownFileType = sourcecode.swift; path = InfiniteScrollActivityView.swift; sourceTree = "<group>"; };
		E7D774971D19F9DC000E5C71 /* PostHeader.swift */ = {isa = PBXFileReference; fileEncoding = 4; lastKnownFileType = sourcecode.swift; path = PostHeader.swift; sourceTree = "<group>"; };
/* End PBXFileReference section */

/* Begin PBXFrameworksBuildPhase section */
		E758E8151D18921F006F3AB6 /* Frameworks */ = {
			isa = PBXFrameworksBuildPhase;
			buildActionMask = 2147483647;
			files = (
				E6E9F480479BF6122FE6B8E4 /* Pods_Parsetagram.framework in Frameworks */,
			);
			runOnlyForDeploymentPostprocessing = 0;
		};
/* End PBXFrameworksBuildPhase section */

/* Begin PBXGroup section */
		1B611275EA794F7E86EFF99D /* Pods */ = {
			isa = PBXGroup;
			children = (
				2F3FF5431C0C8AF29D7F44F4 /* Pods-Parsetagram.debug.xcconfig */,
				E195777F643ABA33010B15BB /* Pods-Parsetagram.release.xcconfig */,
			);
			name = Pods;
			sourceTree = "<group>";
		};
		1C5A4D8898E75FB265779CCB /* Frameworks */ = {
			isa = PBXGroup;
			children = (
				89D4C02568092A14CCE9A32B /* Pods_Parsetagram.framework */,
			);
			name = Frameworks;
			sourceTree = "<group>";
		};
		E758E80F1D18921F006F3AB6 = {
			isa = PBXGroup;
			children = (
				E758E81A1D18921F006F3AB6 /* Parsetagram */,
				E758E8191D18921F006F3AB6 /* Products */,
				1B611275EA794F7E86EFF99D /* Pods */,
				1C5A4D8898E75FB265779CCB /* Frameworks */,
			);
			sourceTree = "<group>";
		};
		E758E8191D18921F006F3AB6 /* Products */ = {
			isa = PBXGroup;
			children = (
				E758E8181D18921F006F3AB6 /* Parsetagram.app */,
			);
			name = Products;
			sourceTree = "<group>";
		};
		E758E81A1D18921F006F3AB6 /* Parsetagram */ = {
			isa = PBXGroup;
			children = (
				E758E8341D18A2EA006F3AB6 /* Models */,
				E758E8371D18BA09006F3AB6 /* Views */,
				E758E8331D18A2D6006F3AB6 /* Controllers */,
				E758E81B1D18921F006F3AB6 /* AppDelegate.swift */,
				E758E81F1D18921F006F3AB6 /* Main.storyboard */,
				E758E8221D18921F006F3AB6 /* Assets.xcassets */,
				E758E8241D18921F006F3AB6 /* LaunchScreen.storyboard */,
				E758E8271D18921F006F3AB6 /* Info.plist */,
			);
			path = Parsetagram;
			sourceTree = "<group>";
		};
		E758E8331D18A2D6006F3AB6 /* Controllers */ = {
			isa = PBXGroup;
			children = (
				E758E82D1D1895AC006F3AB6 /* LoginViewController.swift */,
				E758E82F1D189F64006F3AB6 /* FeedViewController.swift */,
				E73BE44D1D19D6B80061FAC9 /* PostViewController.swift */,
				E73BE44B1D19D6A50061FAC9 /* UserViewController.swift */,
			);
			name = Controllers;
			sourceTree = "<group>";
		};
		E758E8341D18A2EA006F3AB6 /* Models */ = {
			isa = PBXGroup;
			children = (
				E758E8311D18A21D006F3AB6 /* Post.swift */,
			);
			name = Models;
			sourceTree = "<group>";
		};
		E758E8371D18BA09006F3AB6 /* Views */ = {
			isa = PBXGroup;
			children = (
				E758E8351D18B9FD006F3AB6 /* PostCell.swift */,
				E73BE4511D19DA620061FAC9 /* UserPostCell.swift */,
				E76777371D19E86D00753131 /* InfiniteScrollActivityView.swift */,
				E7D774971D19F9DC000E5C71 /* PostHeader.swift */,
			);
			name = Views;
			sourceTree = "<group>";
		};
/* End PBXGroup section */

/* Begin PBXNativeTarget section */
		E758E8171D18921F006F3AB6 /* Parsetagram */ = {
			isa = PBXNativeTarget;
			buildConfigurationList = E758E82A1D18921F006F3AB6 /* Build configuration list for PBXNativeTarget "Parsetagram" */;
			buildPhases = (
				7CFBC726716453D68913435C /* [CP] Check Pods Manifest.lock */,
				E758E8141D18921F006F3AB6 /* Sources */,
				E758E8151D18921F006F3AB6 /* Frameworks */,
				E758E8161D18921F006F3AB6 /* Resources */,
				78007B32BC54799A3ABA4AC7 /* [CP] Embed Pods Frameworks */,
				36D4DAE0558A0F4B705D059E /* [CP] Copy Pods Resources */,
			);
			buildRules = (
			);
			dependencies = (
			);
			name = Parsetagram;
			productName = Parsetagram;
			productReference = E758E8181D18921F006F3AB6 /* Parsetagram.app */;
			productType = "com.apple.product-type.application";
		};
/* End PBXNativeTarget section */

/* Begin PBXProject section */
		E758E8101D18921F006F3AB6 /* Project object */ = {
			isa = PBXProject;
			attributes = {
				LastSwiftUpdateCheck = 0730;
				LastUpgradeCheck = 0730;
				ORGANIZATIONNAME = "Simon Posada Fishman";
				TargetAttributes = {
					E758E8171D18921F006F3AB6 = {
						CreatedOnToolsVersion = 7.3.1;
						DevelopmentTeam = RM25VLL5JU;
					};
				};
			};
			buildConfigurationList = E758E8131D18921F006F3AB6 /* Build configuration list for PBXProject "Parsetagram" */;
			compatibilityVersion = "Xcode 3.2";
			developmentRegion = English;
			hasScannedForEncodings = 0;
			knownRegions = (
				en,
				Base,
			);
			mainGroup = E758E80F1D18921F006F3AB6;
			productRefGroup = E758E8191D18921F006F3AB6 /* Products */;
			projectDirPath = "";
			projectRoot = "";
			targets = (
				E758E8171D18921F006F3AB6 /* Parsetagram */,
			);
		};
/* End PBXProject section */

/* Begin PBXResourcesBuildPhase section */
		E758E8161D18921F006F3AB6 /* Resources */ = {
			isa = PBXResourcesBuildPhase;
			buildActionMask = 2147483647;
			files = (
				E758E8261D18921F006F3AB6 /* LaunchScreen.storyboard in Resources */,
				E758E8231D18921F006F3AB6 /* Assets.xcassets in Resources */,
				E758E8211D18921F006F3AB6 /* Main.storyboard in Resources */,
			);
			runOnlyForDeploymentPostprocessing = 0;
		};
/* End PBXResourcesBuildPhase section */

/* Begin PBXShellScriptBuildPhase section */
		36D4DAE0558A0F4B705D059E /* [CP] Copy Pods Resources */ = {
			isa = PBXShellScriptBuildPhase;
			buildActionMask = 2147483647;
			files = (
			);
			inputPaths = (
			);
			name = "[CP] Copy Pods Resources";
			outputPaths = (
			);
			runOnlyForDeploymentPostprocessing = 0;
			shellPath = /bin/sh;
			shellScript = "\"${SRCROOT}/Pods/Target Support Files/Pods-Parsetagram/Pods-Parsetagram-resources.sh\"\n";
			showEnvVarsInLog = 0;
		};
		78007B32BC54799A3ABA4AC7 /* [CP] Embed Pods Frameworks */ = {
			isa = PBXShellScriptBuildPhase;
			buildActionMask = 2147483647;
			files = (
			);
			inputPaths = (
			);
			name = "[CP] Embed Pods Frameworks";
			outputPaths = (
			);
			runOnlyForDeploymentPostprocessing = 0;
			shellPath = /bin/sh;
			shellScript = "\"${SRCROOT}/Pods/Target Support Files/Pods-Parsetagram/Pods-Parsetagram-frameworks.sh\"\n";
			showEnvVarsInLog = 0;
		};
		7CFBC726716453D68913435C /* [CP] Check Pods Manifest.lock */ = {
			isa = PBXShellScriptBuildPhase;
			buildActionMask = 2147483647;
			files = (
			);
			inputPaths = (
			);
			name = "[CP] Check Pods Manifest.lock";
			outputPaths = (
			);
			runOnlyForDeploymentPostprocessing = 0;
			shellPath = /bin/sh;
			shellScript = "diff \"${PODS_ROOT}/../Podfile.lock\" \"${PODS_ROOT}/Manifest.lock\" > /dev/null\nif [[ $? != 0 ]] ; then\n    cat << EOM\nerror: The sandbox is not in sync with the Podfile.lock. Run 'pod install' or update your CocoaPods installation.\nEOM\n    exit 1\nfi\n";
			showEnvVarsInLog = 0;
		};
/* End PBXShellScriptBuildPhase section */

/* Begin PBXSourcesBuildPhase section */
		E758E8141D18921F006F3AB6 /* Sources */ = {
			isa = PBXSourcesBuildPhase;
			buildActionMask = 2147483647;
			files = (
				E76777381D19E86D00753131 /* InfiniteScrollActivityView.swift in Sources */,
				E758E82E1D1895AC006F3AB6 /* LoginViewController.swift in Sources */,
				E73BE44C1D19D6A50061FAC9 /* UserViewController.swift in Sources */,
				E73BE4521D19DA620061FAC9 /* UserPostCell.swift in Sources */,
				E7D774981D19F9DC000E5C71 /* PostHeader.swift in Sources */,
				E73BE44E1D19D6B80061FAC9 /* PostViewController.swift in Sources */,
				E758E8301D189F64006F3AB6 /* FeedViewController.swift in Sources */,
				E758E81C1D18921F006F3AB6 /* AppDelegate.swift in Sources */,
				E758E8321D18A21D006F3AB6 /* Post.swift in Sources */,
				E758E8361D18B9FD006F3AB6 /* PostCell.swift in Sources */,
			);
			runOnlyForDeploymentPostprocessing = 0;
		};
/* End PBXSourcesBuildPhase section */

/* Begin PBXVariantGroup section */
		E758E81F1D18921F006F3AB6 /* Main.storyboard */ = {
			isa = PBXVariantGroup;
			children = (
				E758E8201D18921F006F3AB6 /* Base */,
			);
			name = Main.storyboard;
			sourceTree = "<group>";
		};
		E758E8241D18921F006F3AB6 /* LaunchScreen.storyboard */ = {
			isa = PBXVariantGroup;
			children = (
				E758E8251D18921F006F3AB6 /* Base */,
			);
			name = LaunchScreen.storyboard;
			sourceTree = "<group>";
		};
/* End PBXVariantGroup section */

/* Begin XCBuildConfiguration section */
		E758E8281D18921F006F3AB6 /* Debug */ = {
			isa = XCBuildConfiguration;
			buildSettings = {
				ALWAYS_SEARCH_USER_PATHS = NO;
				CLANG_ANALYZER_NONNULL = YES;
				CLANG_CXX_LANGUAGE_STANDARD = "gnu++0x";
				CLANG_CXX_LIBRARY = "libc++";
				CLANG_ENABLE_MODULES = YES;
				CLANG_ENABLE_OBJC_ARC = YES;
				CLANG_WARN_BOOL_CONVERSION = YES;
				CLANG_WARN_CONSTANT_CONVERSION = YES;
				CLANG_WARN_DIRECT_OBJC_ISA_USAGE = YES_ERROR;
				CLANG_WARN_EMPTY_BODY = YES;
				CLANG_WARN_ENUM_CONVERSION = YES;
				CLANG_WARN_INT_CONVERSION = YES;
				CLANG_WARN_OBJC_ROOT_CLASS = YES_ERROR;
				CLANG_WARN_UNREACHABLE_CODE = YES;
				CLANG_WARN__DUPLICATE_METHOD_MATCH = YES;
				"CODE_SIGN_IDENTITY[sdk=iphoneos*]" = "iPhone Developer";
				COPY_PHASE_STRIP = NO;
				DEBUG_INFORMATION_FORMAT = dwarf;
				ENABLE_STRICT_OBJC_MSGSEND = YES;
				ENABLE_TESTABILITY = YES;
				GCC_C_LANGUAGE_STANDARD = gnu99;
				GCC_DYNAMIC_NO_PIC = NO;
				GCC_NO_COMMON_BLOCKS = YES;
				GCC_OPTIMIZATION_LEVEL = 0;
				GCC_PREPROCESSOR_DEFINITIONS = (
					"DEBUG=1",
					"$(inherited)",
				);
				GCC_WARN_64_TO_32_BIT_CONVERSION = YES;
				GCC_WARN_ABOUT_RETURN_TYPE = YES_ERROR;
				GCC_WARN_UNDECLARED_SELECTOR = YES;
				GCC_WARN_UNINITIALIZED_AUTOS = YES_AGGRESSIVE;
				GCC_WARN_UNUSED_FUNCTION = YES;
				GCC_WARN_UNUSED_VARIABLE = YES;
				IPHONEOS_DEPLOYMENT_TARGET = 9.3;
				MTL_ENABLE_DEBUG_INFO = YES;
				ONLY_ACTIVE_ARCH = YES;
				SDKROOT = iphoneos;
				SWIFT_OPTIMIZATION_LEVEL = "-Onone";
			};
			name = Debug;
		};
		E758E8291D18921F006F3AB6 /* Release */ = {
			isa = XCBuildConfiguration;
			buildSettings = {
				ALWAYS_SEARCH_USER_PATHS = NO;
				CLANG_ANALYZER_NONNULL = YES;
				CLANG_CXX_LANGUAGE_STANDARD = "gnu++0x";
				CLANG_CXX_LIBRARY = "libc++";
				CLANG_ENABLE_MODULES = YES;
				CLANG_ENABLE_OBJC_ARC = YES;
				CLANG_WARN_BOOL_CONVERSION = YES;
				CLANG_WARN_CONSTANT_CONVERSION = YES;
				CLANG_WARN_DIRECT_OBJC_ISA_USAGE = YES_ERROR;
				CLANG_WARN_EMPTY_BODY = YES;
				CLANG_WARN_ENUM_CONVERSION = YES;
				CLANG_WARN_INT_CONVERSION = YES;
				CLANG_WARN_OBJC_ROOT_CLASS = YES_ERROR;
				CLANG_WARN_UNREACHABLE_CODE = YES;
				CLANG_WARN__DUPLICATE_METHOD_MATCH = YES;
				"CODE_SIGN_IDENTITY[sdk=iphoneos*]" = "iPhone Developer";
				COPY_PHASE_STRIP = NO;
				DEBUG_INFORMATION_FORMAT = "dwarf-with-dsym";
				ENABLE_NS_ASSERTIONS = NO;
				ENABLE_STRICT_OBJC_MSGSEND = YES;
				GCC_C_LANGUAGE_STANDARD = gnu99;
				GCC_NO_COMMON_BLOCKS = YES;
				GCC_WARN_64_TO_32_BIT_CONVERSION = YES;
				GCC_WARN_ABOUT_RETURN_TYPE = YES_ERROR;
				GCC_WARN_UNDECLARED_SELECTOR = YES;
				GCC_WARN_UNINITIALIZED_AUTOS = YES_AGGRESSIVE;
				GCC_WARN_UNUSED_FUNCTION = YES;
				GCC_WARN_UNUSED_VARIABLE = YES;
				IPHONEOS_DEPLOYMENT_TARGET = 9.3;
				MTL_ENABLE_DEBUG_INFO = NO;
				SDKROOT = iphoneos;
				VALIDATE_PRODUCT = YES;
			};
			name = Release;
		};
		E758E82B1D18921F006F3AB6 /* Debug */ = {
			isa = XCBuildConfiguration;
			baseConfigurationReference = 2F3FF5431C0C8AF29D7F44F4 /* Pods-Parsetagram.debug.xcconfig */;
			buildSettings = {
				ASSETCATALOG_COMPILER_APPICON_NAME = AppIcon;
				CODE_SIGN_IDENTITY = "iPhone Developer";
				"CODE_SIGN_IDENTITY[sdk=iphoneos*]" = "iPhone Developer";
				INFOPLIST_FILE = Parsetagram/Info.plist;
				LD_RUNPATH_SEARCH_PATHS = "$(inherited) @executable_path/Frameworks";
				PRODUCT_BUNDLE_IDENTIFIER = com.spf.Parsetagram;
				PRODUCT_NAME = "$(TARGET_NAME)";
				PROVISIONING_PROFILE = "";
			};
			name = Debug;
		};
		E758E82C1D18921F006F3AB6 /* Release */ = {
			isa = XCBuildConfiguration;
			baseConfigurationReference = E195777F643ABA33010B15BB /* Pods-Parsetagram.release.xcconfig */;
			buildSettings = {
				ASSETCATALOG_COMPILER_APPICON_NAME = AppIcon;
				CODE_SIGN_IDENTITY = "iPhone Developer";
				"CODE_SIGN_IDENTITY[sdk=iphoneos*]" = "iPhone Developer";
				INFOPLIST_FILE = Parsetagram/Info.plist;
				LD_RUNPATH_SEARCH_PATHS = "$(inherited) @executable_path/Frameworks";
				PRODUCT_BUNDLE_IDENTIFIER = com.spf.Parsetagram;
				PRODUCT_NAME = "$(TARGET_NAME)";
				PROVISIONING_PROFILE = "";
			};
			name = Release;
		};
/* End XCBuildConfiguration section */

/* Begin XCConfigurationList section */
		E758E8131D18921F006F3AB6 /* Build configuration list for PBXProject "Parsetagram" */ = {
			isa = XCConfigurationList;
			buildConfigurations = (
				E758E8281D18921F006F3AB6 /* Debug */,
				E758E8291D18921F006F3AB6 /* Release */,
			);
			defaultConfigurationIsVisible = 0;
			defaultConfigurationName = Release;
		};
		E758E82A1D18921F006F3AB6 /* Build configuration list for PBXNativeTarget "Parsetagram" */ = {
			isa = XCConfigurationList;
			buildConfigurations = (
				E758E82B1D18921F006F3AB6 /* Debug */,
				E758E82C1D18921F006F3AB6 /* Release */,
			);
			defaultConfigurationIsVisible = 0;
			defaultConfigurationName = Release;
		};
/* End XCConfigurationList section */
	};
	rootObject = E758E8101D18921F006F3AB6 /* Project object */;
}
